
Microsoft Visual Studio Solution File, Format Version 12.00
# Visual Studio 15
VisualStudioVersion = 15.0.27703.2000
MinimumVisualStudioVersion = 10.0.40219.1
Project("{2150E333-8FDC-42A3-9474-1A3956D46DE8}") = "Solution Items", "Solution Items", "{41EFE216-3531-4495-834F-935E25C6463F}"
	ProjectSection(SolutionItems) = preProject
		Notes.txt = Notes.txt
	EndProjectSection
EndProject
Project("{9A19103F-16F7-4668-BE54-9A1E7A4F7556}") = "Remnant.Pipeline", "Remnant.Pipeline\Remnant.Pipeline.csproj", "{1A30B2B7-4D4C-48A6-B075-9F0EBA8DEA97}"
EndProject
Project("{9A19103F-16F7-4668-BE54-9A1E7A4F7556}") = "Remnant.Pipeline.Tests", "Remnant.Pipeline.Tests\Remnant.Pipeline.Tests.csproj", "{1907AE2C-A11D-4148-852A-E7BB627955FB}"
EndProject
Global
	GlobalSection(SolutionConfigurationPlatforms) = preSolution
		Debug|Any CPU = Debug|Any CPU
		Release|Any CPU = Release|Any CPU
	EndGlobalSection
	GlobalSection(ProjectConfigurationPlatforms) = postSolution
		{1A30B2B7-4D4C-48A6-B075-9F0EBA8DEA97}.Debug|Any CPU.ActiveCfg = Debug|Any CPU
		{1A30B2B7-4D4C-48A6-B075-9F0EBA8DEA97}.Debug|Any CPU.Build.0 = Debug|Any CPU
		{1A30B2B7-4D4C-48A6-B075-9F0EBA8DEA97}.Release|Any CPU.ActiveCfg = Release|Any CPU
		{1A30B2B7-4D4C-48A6-B075-9F0EBA8DEA97}.Release|Any CPU.Build.0 = Release|Any CPU
		{1907AE2C-A11D-4148-852A-E7BB627955FB}.Debug|Any CPU.ActiveCfg = Debug|Any CPU
		{1907AE2C-A11D-4148-852A-E7BB627955FB}.Debug|Any CPU.Build.0 = Debug|Any CPU
		{1907AE2C-A11D-4148-852A-E7BB627955FB}.Release|Any CPU.ActiveCfg = Release|Any CPU
		{1907AE2C-A11D-4148-852A-E7BB627955FB}.Release|Any CPU.Build.0 = Release|Any CPU
	EndGlobalSection
	GlobalSection(SolutionProperties) = preSolution
		HideSolutionNode = FALSE
	EndGlobalSection
	GlobalSection(ExtensibilityGlobals) = postSolution
		SolutionGuid = {8132A9E1-6BF0-4544-97A0-AAB862212A84}
	EndGlobalSection
EndGlobal
